// !$*UTF8*$!
{
	archiveVersion = 1;
	classes = {
	};
	objectVersion = 50;
	objects = {

/* Begin PBXBuildFile section */
		6A1CE38225F1066B0002BB54 /* RepositoriesTableViewCell.swift in Sources */ = {isa = PBXBuildFile; fileRef = 6A1CE38125F1066B0002BB54 /* RepositoriesTableViewCell.swift */; };
		6A3CF9BD25EF8D0000168073 /* AppDelegate.swift in Sources */ = {isa = PBXBuildFile; fileRef = 6A3CF9BC25EF8D0000168073 /* AppDelegate.swift */; };
		6A3CF9BF25EF8D0000168073 /* SceneDelegate.swift in Sources */ = {isa = PBXBuildFile; fileRef = 6A3CF9BE25EF8D0000168073 /* SceneDelegate.swift */; };
		6A3CF9C425EF8D0100168073 /* Main.storyboard in Resources */ = {isa = PBXBuildFile; fileRef = 6A3CF9C225EF8D0100168073 /* Main.storyboard */; };
		6A3CF9C625EF8D0600168073 /* Assets.xcassets in Resources */ = {isa = PBXBuildFile; fileRef = 6A3CF9C525EF8D0600168073 /* Assets.xcassets */; };
		6A3CF9C925EF8D0600168073 /* LaunchScreen.storyboard in Resources */ = {isa = PBXBuildFile; fileRef = 6A3CF9C725EF8D0600168073 /* LaunchScreen.storyboard */; };
		6A3CF9F325EF8D7100168073 /* LoginViewController.swift in Sources */ = {isa = PBXBuildFile; fileRef = 6A3CF9F225EF8D7100168073 /* LoginViewController.swift */; };
		6A3CFA4E25EFB47400168073 /* Kingfisher.framework in Frameworks */ = {isa = PBXBuildFile; fileRef = 6A3CFA3525EFB20E00168073 /* Kingfisher.framework */; };
		6A3CFA4F25EFB47400168073 /* Kingfisher.framework in Embed Frameworks */ = {isa = PBXBuildFile; fileRef = 6A3CFA3525EFB20E00168073 /* Kingfisher.framework */; settings = {ATTRIBUTES = (CodeSignOnCopy, RemoveHeadersOnCopy, ); }; };
		6A3CFA5D25EFB5EA00168073 /* LoginViewContent.swift in Sources */ = {isa = PBXBuildFile; fileRef = 6A3CFA5C25EFB5EA00168073 /* LoginViewContent.swift */; };
		6A3CFA5F25EFC05200168073 /* UserViewController.swift in Sources */ = {isa = PBXBuildFile; fileRef = 6A3CFA5E25EFC05200168073 /* UserViewController.swift */; };
		6A3CFA6125EFC4A400168073 /* NetworkManager.swift in Sources */ = {isa = PBXBuildFile; fileRef = 6A3CFA6025EFC4A400168073 /* NetworkManager.swift */; };
		6A3CFA6325EFC50F00168073 /* Repository.swift in Sources */ = {isa = PBXBuildFile; fileRef = 6A3CFA6225EFC50F00168073 /* Repository.swift */; };
		6A3CFA6725EFCA6200168073 /* RepositoriesViewController.swift in Sources */ = {isa = PBXBuildFile; fileRef = 6A3CFA6625EFCA6200168073 /* RepositoriesViewController.swift */; };
		6A8066B0265268E5003503AD /* WKWebViewViewController.swift in Sources */ = {isa = PBXBuildFile; fileRef = 6A8066AF265268E5003503AD /* WKWebViewViewController.swift */; };
/* End PBXBuildFile section */

/* Begin PBXContainerItemProxy section */
		6A3CFA5825EFB54E00168073 /* PBXContainerItemProxy */ = {
			isa = PBXContainerItemProxy;
			containerPortal = 6A3CFA5125EFB54D00168073 /* Kingfisher.xcodeproj */;
			proxyType = 2;
			remoteGlobalIDString = D1ED2D351AD2D09F00CFC3EB;
			remoteInfo = Kingfisher;
		};
		6A3CFA5A25EFB54E00168073 /* PBXContainerItemProxy */ = {
			isa = PBXContainerItemProxy;
			containerPortal = 6A3CFA5125EFB54D00168073 /* Kingfisher.xcodeproj */;
			proxyType = 2;
			remoteGlobalIDString = D1ED2D3F1AD2D09F00CFC3EB;
			remoteInfo = KingfisherTests;
		};
/* End PBXContainerItemProxy section */

/* Begin PBXCopyFilesBuildPhase section */
		6A3CFA5025EFB47400168073 /* Embed Frameworks */ = {
			isa = PBXCopyFilesBuildPhase;
			buildActionMask = 2147483647;
			dstPath = "";
			dstSubfolderSpec = 10;
			files = (
				6A3CFA4F25EFB47400168073 /* Kingfisher.framework in Embed Frameworks */,
			);
			name = "Embed Frameworks";
			runOnlyForDeploymentPostprocessing = 0;
		};
/* End PBXCopyFilesBuildPhase section */

/* Begin PBXFileReference section */
		6A1CE38125F1066B0002BB54 /* RepositoriesTableViewCell.swift */ = {isa = PBXFileReference; lastKnownFileType = sourcecode.swift; path = RepositoriesTableViewCell.swift; sourceTree = "<group>"; };
		6A3CF9B925EF8D0000168073 /* gitHubClient.app */ = {isa = PBXFileReference; explicitFileType = wrapper.application; includeInIndex = 0; path = gitHubClient.app; sourceTree = BUILT_PRODUCTS_DIR; };
		6A3CF9BC25EF8D0000168073 /* AppDelegate.swift */ = {isa = PBXFileReference; lastKnownFileType = sourcecode.swift; path = AppDelegate.swift; sourceTree = "<group>"; };
		6A3CF9BE25EF8D0000168073 /* SceneDelegate.swift */ = {isa = PBXFileReference; lastKnownFileType = sourcecode.swift; path = SceneDelegate.swift; sourceTree = "<group>"; };
		6A3CF9C325EF8D0100168073 /* Base */ = {isa = PBXFileReference; lastKnownFileType = file.storyboard; name = Base; path = Base.lproj/Main.storyboard; sourceTree = "<group>"; };
		6A3CF9C525EF8D0600168073 /* Assets.xcassets */ = {isa = PBXFileReference; lastKnownFileType = folder.assetcatalog; path = Assets.xcassets; sourceTree = "<group>"; };
		6A3CF9C825EF8D0600168073 /* Base */ = {isa = PBXFileReference; lastKnownFileType = file.storyboard; name = Base; path = Base.lproj/LaunchScreen.storyboard; sourceTree = "<group>"; };
		6A3CF9CA25EF8D0600168073 /* Info.plist */ = {isa = PBXFileReference; lastKnownFileType = text.plist.xml; path = Info.plist; sourceTree = "<group>"; };
		6A3CF9F225EF8D7100168073 /* LoginViewController.swift */ = {isa = PBXFileReference; lastKnownFileType = sourcecode.swift; path = LoginViewController.swift; sourceTree = "<group>"; };
		6A3CFA3525EFB20E00168073 /* Kingfisher.framework */ = {isa = PBXFileReference; lastKnownFileType = wrapper.framework; name = Kingfisher.framework; path = Carthage/Build/iOS/Kingfisher.framework; sourceTree = "<group>"; };
		6A3CFA5125EFB54D00168073 /* Kingfisher.xcodeproj */ = {isa = PBXFileReference; lastKnownFileType = "wrapper.pb-project"; name = Kingfisher.xcodeproj; path = Carthage/Checkouts/Kingfisher/Kingfisher.xcodeproj; sourceTree = "<group>"; };
		6A3CFA5C25EFB5EA00168073 /* LoginViewContent.swift */ = {isa = PBXFileReference; lastKnownFileType = sourcecode.swift; path = LoginViewContent.swift; sourceTree = "<group>"; };
		6A3CFA5E25EFC05200168073 /* UserViewController.swift */ = {isa = PBXFileReference; lastKnownFileType = sourcecode.swift; path = UserViewController.swift; sourceTree = "<group>"; };
		6A3CFA6025EFC4A400168073 /* NetworkManager.swift */ = {isa = PBXFileReference; lastKnownFileType = sourcecode.swift; path = NetworkManager.swift; sourceTree = "<group>"; };
		6A3CFA6225EFC50F00168073 /* Repository.swift */ = {isa = PBXFileReference; lastKnownFileType = sourcecode.swift; path = Repository.swift; sourceTree = "<group>"; };
		6A3CFA6625EFCA6200168073 /* RepositoriesViewController.swift */ = {isa = PBXFileReference; lastKnownFileType = sourcecode.swift; path = RepositoriesViewController.swift; sourceTree = "<group>"; };
		6A8066AF265268E5003503AD /* WKWebViewViewController.swift */ = {isa = PBXFileReference; lastKnownFileType = sourcecode.swift; path = WKWebViewViewController.swift; sourceTree = "<group>"; };
/* End PBXFileReference section */

/* Begin PBXFrameworksBuildPhase section */
		6A3CF9B625EF8D0000168073 /* Frameworks */ = {
			isa = PBXFrameworksBuildPhase;
			buildActionMask = 2147483647;
			files = (
				6A3CFA4E25EFB47400168073 /* Kingfisher.framework in Frameworks */,
			);
			runOnlyForDeploymentPostprocessing = 0;
		};
/* End PBXFrameworksBuildPhase section */

/* Begin PBXGroup section */
		6A1CE38725F11E5D0002BB54 /* Model */ = {
			isa = PBXGroup;
			children = (
				6A3CFA6225EFC50F00168073 /* Repository.swift */,
			);
			path = Model;
			sourceTree = "<group>";
		};
		6A1CE38A25F11E690002BB54 /* Network */ = {
			isa = PBXGroup;
			children = (
				6A3CFA6025EFC4A400168073 /* NetworkManager.swift */,
			);
			path = Network;
			sourceTree = "<group>";
		};
		6A3CF9B025EF8D0000168073 = {
			isa = PBXGroup;
			children = (
				6A3CF9BB25EF8D0000168073 /* gitHubClient */,
				6A3CF9BA25EF8D0000168073 /* Products */,
				6A3CFA3425EFB20E00168073 /* Frameworks */,
			);
			sourceTree = "<group>";
		};
		6A3CF9BA25EF8D0000168073 /* Products */ = {
			isa = PBXGroup;
			children = (
				6A3CF9B925EF8D0000168073 /* gitHubClient.app */,
			);
			name = Products;
			sourceTree = "<group>";
		};
		6A3CF9BB25EF8D0000168073 /* gitHubClient */ = {
			isa = PBXGroup;
			children = (
				6A3CF9BC25EF8D0000168073 /* AppDelegate.swift */,
				6A3CF9BE25EF8D0000168073 /* SceneDelegate.swift */,
				6A3CFA6425EFC54C00168073 /* Login */,
				6A3CFA6525EFC55700168073 /* User */,
				6A1CE38A25F11E690002BB54 /* Network */,
				6A8066AC265268B1003503AD /* WKWebView */,
				6A1CE38725F11E5D0002BB54 /* Model */,
				6A3CF9C225EF8D0100168073 /* Main.storyboard */,
				6A3CF9C525EF8D0600168073 /* Assets.xcassets */,
				6A3CF9C725EF8D0600168073 /* LaunchScreen.storyboard */,
				6A3CF9CA25EF8D0600168073 /* Info.plist */,
			);
			path = gitHubClient;
			sourceTree = "<group>";
		};
		6A3CFA3425EFB20E00168073 /* Frameworks */ = {
			isa = PBXGroup;
			children = (
				6A3CFA5125EFB54D00168073 /* Kingfisher.xcodeproj */,
				6A3CFA3525EFB20E00168073 /* Kingfisher.framework */,
			);
			name = Frameworks;
			sourceTree = "<group>";
		};
		6A3CFA5225EFB54D00168073 /* Products */ = {
			isa = PBXGroup;
			children = (
				6A3CFA5925EFB54E00168073 /* Kingfisher.framework */,
				6A3CFA5B25EFB54E00168073 /* KingfisherTests.xctest */,
			);
			name = Products;
			sourceTree = "<group>";
		};
		6A3CFA6425EFC54C00168073 /* Login */ = {
			isa = PBXGroup;
			children = (
				6A3CF9F225EF8D7100168073 /* LoginViewController.swift */,
				6A3CFA5C25EFB5EA00168073 /* LoginViewContent.swift */,
			);
			path = Login;
			sourceTree = "<group>";
		};
		6A3CFA6525EFC55700168073 /* User */ = {
			isa = PBXGroup;
			children = (
				6A3CFA5E25EFC05200168073 /* UserViewController.swift */,
				6A3CFA6625EFCA6200168073 /* RepositoriesViewController.swift */,
				6A1CE38125F1066B0002BB54 /* RepositoriesTableViewCell.swift */,
			);
			path = User;
			sourceTree = "<group>";
		};
		6A8066AC265268B1003503AD /* WKWebView */ = {
			isa = PBXGroup;
			children = (
				6A8066AF265268E5003503AD /* WKWebViewViewController.swift */,
			);
			path = WKWebView;
			sourceTree = "<group>";
		};
/* End PBXGroup section */

/* Begin PBXNativeTarget section */
		6A3CF9B825EF8D0000168073 /* gitHubClient */ = {
			isa = PBXNativeTarget;
			buildConfigurationList = 6A3CF9E325EF8D0600168073 /* Build configuration list for PBXNativeTarget "gitHubClient" */;
			buildPhases = (
				6A3CF9B525EF8D0000168073 /* Sources */,
				6A3CF9B625EF8D0000168073 /* Frameworks */,
				6A3CF9B725EF8D0000168073 /* Resources */,
				6A3CFA5025EFB47400168073 /* Embed Frameworks */,
			);
			buildRules = (
			);
			dependencies = (
			);
			name = gitHubClient;
			productName = networking;
			productReference = 6A3CF9B925EF8D0000168073 /* gitHubClient.app */;
			productType = "com.apple.product-type.application";
		};
/* End PBXNativeTarget section */

/* Begin PBXProject section */
		6A3CF9B125EF8D0000168073 /* Project object */ = {
			isa = PBXProject;
			attributes = {
				LastSwiftUpdateCheck = 1230;
				LastUpgradeCheck = 1230;
				TargetAttributes = {
					6A3CF9B825EF8D0000168073 = {
						CreatedOnToolsVersion = 12.3;
					};
				};
			};
			buildConfigurationList = 6A3CF9B425EF8D0000168073 /* Build configuration list for PBXProject "gitHubClient" */;
			compatibilityVersion = "Xcode 9.3";
			developmentRegion = en;
			hasScannedForEncodings = 0;
			knownRegions = (
				en,
				Base,
			);
			mainGroup = 6A3CF9B025EF8D0000168073;
			productRefGroup = 6A3CF9BA25EF8D0000168073 /* Products */;
			projectDirPath = "";
			projectReferences = (
				{
					ProductGroup = 6A3CFA5225EFB54D00168073 /* Products */;
					ProjectRef = 6A3CFA5125EFB54D00168073 /* Kingfisher.xcodeproj */;
				},
			);
			projectRoot = "";
			targets = (
				6A3CF9B825EF8D0000168073 /* gitHubClient */,
			);
		};
/* End PBXProject section */

/* Begin PBXReferenceProxy section */
		6A3CFA5925EFB54E00168073 /* Kingfisher.framework */ = {
			isa = PBXReferenceProxy;
			fileType = wrapper.framework;
			path = Kingfisher.framework;
			remoteRef = 6A3CFA5825EFB54E00168073 /* PBXContainerItemProxy */;
			sourceTree = BUILT_PRODUCTS_DIR;
		};
		6A3CFA5B25EFB54E00168073 /* KingfisherTests.xctest */ = {
			isa = PBXReferenceProxy;
			fileType = wrapper.cfbundle;
			path = KingfisherTests.xctest;
			remoteRef = 6A3CFA5A25EFB54E00168073 /* PBXContainerItemProxy */;
			sourceTree = BUILT_PRODUCTS_DIR;
		};
/* End PBXReferenceProxy section */

/* Begin PBXResourcesBuildPhase section */
		6A3CF9B725EF8D0000168073 /* Resources */ = {
			isa = PBXResourcesBuildPhase;
			buildActionMask = 2147483647;
			files = (
				6A3CF9C925EF8D0600168073 /* LaunchScreen.storyboard in Resources */,
				6A3CF9C625EF8D0600168073 /* Assets.xcassets in Resources */,
				6A3CF9C425EF8D0100168073 /* Main.storyboard in Resources */,
			);
			runOnlyForDeploymentPostprocessing = 0;
		};
/* End PBXResourcesBuildPhase section */

/* Begin PBXSourcesBuildPhase section */
		6A3CF9B525EF8D0000168073 /* Sources */ = {
			isa = PBXSourcesBuildPhase;
			buildActionMask = 2147483647;
			files = (
				6A8066B0265268E5003503AD /* WKWebViewViewController.swift in Sources */,
				6A3CFA6325EFC50F00168073 /* Repository.swift in Sources */,
				6A3CFA6125EFC4A400168073 /* NetworkManager.swift in Sources */,
				6A3CFA5D25EFB5EA00168073 /* LoginViewContent.swift in Sources */,
				6A3CFA5F25EFC05200168073 /* UserViewController.swift in Sources */,
				6A3CFA6725EFCA6200168073 /* RepositoriesViewController.swift in Sources */,
				6A3CF9F325EF8D7100168073 /* LoginViewController.swift in Sources */,
				6A3CF9BD25EF8D0000168073 /* AppDelegate.swift in Sources */,
				6A1CE38225F1066B0002BB54 /* RepositoriesTableViewCell.swift in Sources */,
				6A3CF9BF25EF8D0000168073 /* SceneDelegate.swift in Sources */,
			);
			runOnlyForDeploymentPostprocessing = 0;
		};
/* End PBXSourcesBuildPhase section */

/* Begin PBXVariantGroup section */
		6A3CF9C225EF8D0100168073 /* Main.storyboard */ = {
			isa = PBXVariantGroup;
			children = (
				6A3CF9C325EF8D0100168073 /* Base */,
			);
			name = Main.storyboard;
			sourceTree = "<group>";
		};
		6A3CF9C725EF8D0600168073 /* LaunchScreen.storyboard */ = {
			isa = PBXVariantGroup;
			children = (
				6A3CF9C825EF8D0600168073 /* Base */,
			);
			name = LaunchScreen.storyboard;
			sourceTree = "<group>";
		};
/* End PBXVariantGroup section */

/* Begin XCBuildConfiguration section */
		6A3CF9E125EF8D0600168073 /* Debug */ = {
			isa = XCBuildConfiguration;
			buildSettings = {
				ALWAYS_SEARCH_USER_PATHS = NO;
				CLANG_ANALYZER_NONNULL = YES;
				CLANG_ANALYZER_NUMBER_OBJECT_CONVERSION = YES_AGGRESSIVE;
				CLANG_CXX_LANGUAGE_STANDARD = "gnu++14";
				CLANG_CXX_LIBRARY = "libc++";
				CLANG_ENABLE_MODULES = YES;
				CLANG_ENABLE_OBJC_ARC = YES;
				CLANG_ENABLE_OBJC_WEAK = YES;
				CLANG_WARN_BLOCK_CAPTURE_AUTORELEASING = YES;
				CLANG_WARN_BOOL_CONVERSION = YES;
				CLANG_WARN_COMMA = YES;
				CLANG_WARN_CONSTANT_CONVERSION = YES;
				CLANG_WARN_DEPRECATED_OBJC_IMPLEMENTATIONS = YES;
				CLANG_WARN_DIRECT_OBJC_ISA_USAGE = YES_ERROR;
				CLANG_WARN_DOCUMENTATION_COMMENTS = YES;
				CLANG_WARN_EMPTY_BODY = YES;
				CLANG_WARN_ENUM_CONVERSION = YES;
				CLANG_WARN_INFINITE_RECURSION = YES;
				CLANG_WARN_INT_CONVERSION = YES;
				CLANG_WARN_NON_LITERAL_NULL_CONVERSION = YES;
				CLANG_WARN_OBJC_IMPLICIT_RETAIN_SELF = YES;
				CLANG_WARN_OBJC_LITERAL_CONVERSION = YES;
				CLANG_WARN_OBJC_ROOT_CLASS = YES_ERROR;
				CLANG_WARN_QUOTED_INCLUDE_IN_FRAMEWORK_HEADER = YES;
				CLANG_WARN_RANGE_LOOP_ANALYSIS = YES;
				CLANG_WARN_STRICT_PROTOTYPES = YES;
				CLANG_WARN_SUSPICIOUS_MOVE = YES;
				CLANG_WARN_UNGUARDED_AVAILABILITY = YES_AGGRESSIVE;
				CLANG_WARN_UNREACHABLE_CODE = YES;
				CLANG_WARN__DUPLICATE_METHOD_MATCH = YES;
				COPY_PHASE_STRIP = NO;
				DEBUG_INFORMATION_FORMAT = dwarf;
				ENABLE_STRICT_OBJC_MSGSEND = YES;
				ENABLE_TESTABILITY = YES;
				GCC_C_LANGUAGE_STANDARD = gnu11;
				GCC_DYNAMIC_NO_PIC = NO;
				GCC_NO_COMMON_BLOCKS = YES;
				GCC_OPTIMIZATION_LEVEL = 0;
				GCC_PREPROCESSOR_DEFINITIONS = (
					"DEBUG=1",
					"$(inherited)",
				);
				GCC_WARN_64_TO_32_BIT_CONVERSION = YES;
				GCC_WARN_ABOUT_RETURN_TYPE = YES_ERROR;
				GCC_WARN_UNDECLARED_SELECTOR = YES;
				GCC_WARN_UNINITIALIZED_AUTOS = YES_AGGRESSIVE;
				GCC_WARN_UNUSED_FUNCTION = YES;
				GCC_WARN_UNUSED_VARIABLE = YES;
				IPHONEOS_DEPLOYMENT_TARGET = 14.3;
				MTL_ENABLE_DEBUG_INFO = INCLUDE_SOURCE;
				MTL_FAST_MATH = YES;
				ONLY_ACTIVE_ARCH = YES;
				SDKROOT = iphoneos;
				SWIFT_ACTIVE_COMPILATION_CONDITIONS = DEBUG;
				SWIFT_OPTIMIZATION_LEVEL = "-Onone";
			};
			name = Debug;
		};
		6A3CF9E225EF8D0600168073 /* Release */ = {
			isa = XCBuildConfiguration;
			buildSettings = {
				ALWAYS_SEARCH_USER_PATHS = NO;
				CLANG_ANALYZER_NONNULL = YES;
				CLANG_ANALYZER_NUMBER_OBJECT_CONVERSION = YES_AGGRESSIVE;
				CLANG_CXX_LANGUAGE_STANDARD = "gnu++14";
				CLANG_CXX_LIBRARY = "libc++";
				CLANG_ENABLE_MODULES = YES;
				CLANG_ENABLE_OBJC_ARC = YES;
				CLANG_ENABLE_OBJC_WEAK = YES;
				CLANG_WARN_BLOCK_CAPTURE_AUTORELEASING = YES;
				CLANG_WARN_BOOL_CONVERSION = YES;
				CLANG_WARN_COMMA = YES;
				CLANG_WARN_CONSTANT_CONVERSION = YES;
				CLANG_WARN_DEPRECATED_OBJC_IMPLEMENTATIONS = YES;
				CLANG_WARN_DIRECT_OBJC_ISA_USAGE = YES_ERROR;
				CLANG_WARN_DOCUMENTATION_COMMENTS = YES;
				CLANG_WARN_EMPTY_BODY = YES;
				CLANG_WARN_ENUM_CONVERSION = YES;
				CLANG_WARN_INFINITE_RECURSION = YES;
				CLANG_WARN_INT_CONVERSION = YES;
				CLANG_WARN_NON_LITERAL_NULL_CONVERSION = YES;
				CLANG_WARN_OBJC_IMPLICIT_RETAIN_SELF = YES;
				CLANG_WARN_OBJC_LITERAL_CONVERSION = YES;
				CLANG_WARN_OBJC_ROOT_CLASS = YES_ERROR;
				CLANG_WARN_QUOTED_INCLUDE_IN_FRAMEWORK_HEADER = YES;
				CLANG_WARN_RANGE_LOOP_ANALYSIS = YES;
				CLANG_WARN_STRICT_PROTOTYPES = YES;
				CLANG_WARN_SUSPICIOUS_MOVE = YES;
				CLANG_WARN_UNGUARDED_AVAILABILITY = YES_AGGRESSIVE;
				CLANG_WARN_UNREACHABLE_CODE = YES;
				CLANG_WARN__DUPLICATE_METHOD_MATCH = YES;
				COPY_PHASE_STRIP = NO;
				DEBUG_INFORMATION_FORMAT = "dwarf-with-dsym";
				ENABLE_NS_ASSERTIONS = NO;
				ENABLE_STRICT_OBJC_MSGSEND = YES;
				GCC_C_LANGUAGE_STANDARD = gnu11;
				GCC_NO_COMMON_BLOCKS = YES;
				GCC_WARN_64_TO_32_BIT_CONVERSION = YES;
				GCC_WARN_ABOUT_RETURN_TYPE = YES_ERROR;
				GCC_WARN_UNDECLARED_SELECTOR = YES;
				GCC_WARN_UNINITIALIZED_AUTOS = YES_AGGRESSIVE;
				GCC_WARN_UNUSED_FUNCTION = YES;
				GCC_WARN_UNUSED_VARIABLE = YES;
				IPHONEOS_DEPLOYMENT_TARGET = 14.3;
				MTL_ENABLE_DEBUG_INFO = NO;
				MTL_FAST_MATH = YES;
				SDKROOT = iphoneos;
				SWIFT_COMPILATION_MODE = wholemodule;
				SWIFT_OPTIMIZATION_LEVEL = "-O";
				VALIDATE_PRODUCT = YES;
			};
			name = Release;
		};
		6A3CF9E425EF8D0600168073 /* Debug */ = {
			isa = XCBuildConfiguration;
			buildSettings = {
				ASSETCATALOG_COMPILER_APPICON_NAME = AppIcon;
				ASSETCATALOG_COMPILER_GLOBAL_ACCENT_COLOR_NAME = AccentColor;
				CODE_SIGN_STYLE = Automatic;
				DEVELOPMENT_TEAM = 3QUTQU8VNL;
				EXCLUDED_ARCHS = "";
				FRAMEWORK_SEARCH_PATHS = (
					"$(inherited)",
					"$(PROJECT_DIR)/Carthage/Build/iOS",
				);
				INFOPLIST_FILE = "$(SRCROOT)/gitHubClient/Info.plist";
				IPHONEOS_DEPLOYMENT_TARGET = 14.3;
				LD_RUNPATH_SEARCH_PATHS = (
					"$(inherited)",
					"@executable_path/Frameworks",
				);
				ONLY_ACTIVE_ARCH = YES;
				PRODUCT_BUNDLE_IDENTIFIER = ru.cladendas.gitHubClient;
				PRODUCT_NAME = "$(TARGET_NAME)";
				SWIFT_VERSION = 5.0;
				TARGETED_DEVICE_FAMILY = 1;
				VALIDATE_WORKSPACE = YES;
			};
			name = Debug;
		};
		6A3CF9E525EF8D0600168073 /* Release */ = {
			isa = XCBuildConfiguration;
			buildSettings = {
				ASSETCATALOG_COMPILER_APPICON_NAME = AppIcon;
				ASSETCATALOG_COMPILER_GLOBAL_ACCENT_COLOR_NAME = AccentColor;
				CODE_SIGN_STYLE = Automatic;
				DEVELOPMENT_TEAM = 3QUTQU8VNL;
				FRAMEWORK_SEARCH_PATHS = (
					"$(inherited)",
					"$(PROJECT_DIR)/Carthage/Build/iOS",
				);
				INFOPLIST_FILE = "$(SRCROOT)/gitHubClient/Info.plist";
				IPHONEOS_DEPLOYMENT_TARGET = 14.3;
				LD_RUNPATH_SEARCH_PATHS = (
					"$(inherited)",
					"@executable_path/Frameworks",
				);
				ONLY_ACTIVE_ARCH = YES;
				PRODUCT_BUNDLE_IDENTIFIER = ru.cladendas.gitHubClient;
				PRODUCT_NAME = "$(TARGET_NAME)";
				SWIFT_VERSION = 5.0;
				TARGETED_DEVICE_FAMILY = 1;
				VALIDATE_WORKSPACE = YES;
			};
			name = Release;
		};
/* End XCBuildConfiguration section */

/* Begin XCConfigurationList section */
		6A3CF9B425EF8D0000168073 /* Build configuration list for PBXProject "gitHubClient" */ = {
			isa = XCConfigurationList;
			buildConfigurations = (
				6A3CF9E125EF8D0600168073 /* Debug */,
				6A3CF9E225EF8D0600168073 /* Release */,
			);
			defaultConfigurationIsVisible = 0;
			defaultConfigurationName = Release;
		};
		6A3CF9E325EF8D0600168073 /* Build configuration list for PBXNativeTarget "gitHubClient" */ = {
			isa = XCConfigurationList;
			buildConfigurations = (
				6A3CF9E425EF8D0600168073 /* Debug */,
				6A3CF9E525EF8D0600168073 /* Release */,
			);
			defaultConfigurationIsVisible = 0;
			defaultConfigurationName = Release;
		};
/* End XCConfigurationList section */
	};
	rootObject = 6A3CF9B125EF8D0000168073 /* Project object */;
}
